// !$*UTF8*$!
{
	archiveVersion = 1;
	classes = {
	};
	objectVersion = 46;
	objects = {

/* Begin PBXBuildFile section */
		A39CF5A51AEC186E00F60178 /* Event.h in Headers */ = {isa = PBXBuildFile; fileRef = A39CF5A31AEC186E00F60178 /* Event.h */; settings = {ATTRIBUTES = (Public, ); }; };
		A39CF5A61AEC186E00F60178 /* Event.m in Sources */ = {isa = PBXBuildFile; fileRef = A39CF5A41AEC186E00F60178 /* Event.m */; };
		A39CF5AE1AEC19D800F60178 /* NotificationCenter.framework in Frameworks */ = {isa = PBXBuildFile; fileRef = A39CF5AD1AEC19D800F60178 /* NotificationCenter.framework */; };
		A39CF5B41AEC19D800F60178 /* TodayViewController.m in Sources */ = {isa = PBXBuildFile; fileRef = A39CF5B31AEC19D800F60178 /* TodayViewController.m */; };
		A39CF5B61AEC19D800F60178 /* MainInterface.storyboard in Resources */ = {isa = PBXBuildFile; fileRef = A39CF5B51AEC19D800F60178 /* MainInterface.storyboard */; };
		A39CF5B91AEC19D800F60178 /* TodayTimeTracker.appex in Embed App Extensions */ = {isa = PBXBuildFile; fileRef = A39CF5AB1AEC19D800F60178 /* TodayTimeTracker.appex */; settings = {ATTRIBUTES = (RemoveHeadersOnCopy, ); }; };
		A39CF5BE1AEC1A6A00F60178 /* TimeTracker.xcdatamodeld in Sources */ = {isa = PBXBuildFile; fileRef = A3BE82131AEC09B10094FAA4 /* TimeTracker.xcdatamodeld */; };
		A3BE820F1AEC09B10094FAA4 /* main.m in Sources */ = {isa = PBXBuildFile; fileRef = A3BE820E1AEC09B10094FAA4 /* main.m */; };
		A3BE82121AEC09B10094FAA4 /* AppDelegate.m in Sources */ = {isa = PBXBuildFile; fileRef = A3BE82111AEC09B10094FAA4 /* AppDelegate.m */; };
		A3BE82181AEC09B10094FAA4 /* MasterViewController.m in Sources */ = {isa = PBXBuildFile; fileRef = A3BE82171AEC09B10094FAA4 /* MasterViewController.m */; };
		A3BE821B1AEC09B10094FAA4 /* DetailViewController.m in Sources */ = {isa = PBXBuildFile; fileRef = A3BE821A1AEC09B10094FAA4 /* DetailViewController.m */; };
		A3BE821E1AEC09B10094FAA4 /* Main.storyboard in Resources */ = {isa = PBXBuildFile; fileRef = A3BE821C1AEC09B10094FAA4 /* Main.storyboard */; };
		A3BE82201AEC09B10094FAA4 /* Images.xcassets in Resources */ = {isa = PBXBuildFile; fileRef = A3BE821F1AEC09B10094FAA4 /* Images.xcassets */; };
		A3BE82231AEC09B10094FAA4 /* LaunchScreen.xib in Resources */ = {isa = PBXBuildFile; fileRef = A3BE82211AEC09B10094FAA4 /* LaunchScreen.xib */; };
		A3BE82421AEC09E50094FAA4 /* TimeTrackerKit.h in Headers */ = {isa = PBXBuildFile; fileRef = A3BE82411AEC09E50094FAA4 /* TimeTrackerKit.h */; settings = {ATTRIBUTES = (Public, ); }; };
		A3BE82481AEC09E50094FAA4 /* TimeTrackerKit.framework in Frameworks */ = {isa = PBXBuildFile; fileRef = A3BE823D1AEC09E50094FAA4 /* TimeTrackerKit.framework */; };
		A3BE82541AEC09E50094FAA4 /* TimeTrackerKit.framework in Frameworks */ = {isa = PBXBuildFile; fileRef = A3BE823D1AEC09E50094FAA4 /* TimeTrackerKit.framework */; };
		A3BE82551AEC09E50094FAA4 /* TimeTrackerKit.framework in Embed Frameworks */ = {isa = PBXBuildFile; fileRef = A3BE823D1AEC09E50094FAA4 /* TimeTrackerKit.framework */; settings = {ATTRIBUTES = (CodeSignOnCopy, RemoveHeadersOnCopy, ); }; };
		A3BE825F1AEC0BB40094FAA4 /* CoreDataAccess.h in Headers */ = {isa = PBXBuildFile; fileRef = A3BE825D1AEC0BB40094FAA4 /* CoreDataAccess.h */; settings = {ATTRIBUTES = (Public, ); }; };
		A3BE82601AEC0BB40094FAA4 /* CoreDataAccess.m in Sources */ = {isa = PBXBuildFile; fileRef = A3BE825E1AEC0BB40094FAA4 /* CoreDataAccess.m */; };
		A3BE826B1AEC0D520094FAA4 /* InterfaceController.m in Sources */ = {isa = PBXBuildFile; fileRef = A3BE826A1AEC0D520094FAA4 /* InterfaceController.m */; };
		A3BE826D1AEC0D520094FAA4 /* Images.xcassets in Resources */ = {isa = PBXBuildFile; fileRef = A3BE826C1AEC0D520094FAA4 /* Images.xcassets */; };
		A3BE82711AEC0D520094FAA4 /* TimeTracker WatchKit App.app in Resources */ = {isa = PBXBuildFile; fileRef = A3BE82701AEC0D520094FAA4 /* TimeTracker WatchKit App.app */; };
		A3BE82791AEC0D520094FAA4 /* Interface.storyboard in Resources */ = {isa = PBXBuildFile; fileRef = A3BE82771AEC0D520094FAA4 /* Interface.storyboard */; };
		A3BE827B1AEC0D520094FAA4 /* Images.xcassets in Resources */ = {isa = PBXBuildFile; fileRef = A3BE827A1AEC0D520094FAA4 /* Images.xcassets */; };
		A3BE827E1AEC0D520094FAA4 /* TimeTracker WatchKit Extension.appex in Embed App Extensions */ = {isa = PBXBuildFile; fileRef = A3BE82651AEC0D520094FAA4 /* TimeTracker WatchKit Extension.appex */; settings = {ATTRIBUTES = (RemoveHeadersOnCopy, ); }; };
		A3BE82871AEC0DA10094FAA4 /* ReadMe.md in Sources */ = {isa = PBXBuildFile; fileRef = A3BE82861AEC0DA10094FAA4 /* ReadMe.md */; };
		A3BE82891AEC0EC10094FAA4 /* TimeTracker.xcdatamodeld in Sources */ = {isa = PBXBuildFile; fileRef = A3BE82131AEC09B10094FAA4 /* TimeTracker.xcdatamodeld */; };
		A3BE828B1AEC0FEF0094FAA4 /* TimeTracker.xcdatamodeld in Sources */ = {isa = PBXBuildFile; fileRef = A3BE82131AEC09B10094FAA4 /* TimeTracker.xcdatamodeld */; };
		A3BE828C1AEC10020094FAA4 /* TimeTracker.xcdatamodeld in Sources */ = {isa = PBXBuildFile; fileRef = A3BE82131AEC09B10094FAA4 /* TimeTracker.xcdatamodeld */; };
		A3BE828F1AEC11A40094FAA4 /* TableViewController.m in Sources */ = {isa = PBXBuildFile; fileRef = A3BE828E1AEC11A40094FAA4 /* TableViewController.m */; };
		A3BE82921AEC12200094FAA4 /* DetailInterfaceController.m in Sources */ = {isa = PBXBuildFile; fileRef = A3BE82911AEC12200094FAA4 /* DetailInterfaceController.m */; };
/* End PBXBuildFile section */

/* Begin PBXContainerItemProxy section */
		A39CF5B71AEC19D800F60178 /* PBXContainerItemProxy */ = {
			isa = PBXContainerItemProxy;
			containerPortal = A3BE82011AEC09B10094FAA4 /* Project object */;
			proxyType = 1;
			remoteGlobalIDString = A39CF5AA1AEC19D800F60178;
			remoteInfo = TodayTimeTracker;
		};
		A3BE82291AEC09B10094FAA4 /* PBXContainerItemProxy */ = {
			isa = PBXContainerItemProxy;
			containerPortal = A3BE82011AEC09B10094FAA4 /* Project object */;
			proxyType = 1;
			remoteGlobalIDString = A3BE82081AEC09B10094FAA4;
			remoteInfo = TimeTracker;
		};
		A3BE82491AEC09E50094FAA4 /* PBXContainerItemProxy */ = {
			isa = PBXContainerItemProxy;
			containerPortal = A3BE82011AEC09B10094FAA4 /* Project object */;
			proxyType = 1;
			remoteGlobalIDString = A3BE823C1AEC09E50094FAA4;
			remoteInfo = TimeTrackerKit;
		};
		A3BE824B1AEC09E50094FAA4 /* PBXContainerItemProxy */ = {
			isa = PBXContainerItemProxy;
			containerPortal = A3BE82011AEC09B10094FAA4 /* Project object */;
			proxyType = 1;
			remoteGlobalIDString = A3BE82081AEC09B10094FAA4;
			remoteInfo = TimeTracker;
		};
		A3BE82521AEC09E50094FAA4 /* PBXContainerItemProxy */ = {
			isa = PBXContainerItemProxy;
			containerPortal = A3BE82011AEC09B10094FAA4 /* Project object */;
			proxyType = 1;
			remoteGlobalIDString = A3BE823C1AEC09E50094FAA4;
			remoteInfo = TimeTrackerKit;
		};
		A3BE82721AEC0D520094FAA4 /* PBXContainerItemProxy */ = {
			isa = PBXContainerItemProxy;
			containerPortal = A3BE82011AEC09B10094FAA4 /* Project object */;
			proxyType = 1;
			remoteGlobalIDString = A3BE826F1AEC0D520094FAA4;
			remoteInfo = "TimeTracker WatchKit App";
		};
		A3BE827C1AEC0D520094FAA4 /* PBXContainerItemProxy */ = {
			isa = PBXContainerItemProxy;
			containerPortal = A3BE82011AEC09B10094FAA4 /* Project object */;
			proxyType = 1;
			remoteGlobalIDString = A3BE82641AEC0D520094FAA4;
			remoteInfo = "TimeTracker WatchKit Extension";
		};
/* End PBXContainerItemProxy section */

/* Begin PBXCopyFilesBuildPhase section */
		A3BE82591AEC09E50094FAA4 /* Embed Frameworks */ = {
			isa = PBXCopyFilesBuildPhase;
			buildActionMask = 2147483647;
			dstPath = "";
			dstSubfolderSpec = 10;
			files = (
				A3BE82551AEC09E50094FAA4 /* TimeTrackerKit.framework in Embed Frameworks */,
			);
			name = "Embed Frameworks";
			runOnlyForDeploymentPostprocessing = 0;
		};
		A3BE82851AEC0D520094FAA4 /* Embed App Extensions */ = {
			isa = PBXCopyFilesBuildPhase;
			buildActionMask = 2147483647;
			dstPath = "";
			dstSubfolderSpec = 13;
			files = (
				A39CF5B91AEC19D800F60178 /* TodayTimeTracker.appex in Embed App Extensions */,
				A3BE827E1AEC0D520094FAA4 /* TimeTracker WatchKit Extension.appex in Embed App Extensions */,
			);
			name = "Embed App Extensions";
			runOnlyForDeploymentPostprocessing = 0;
		};
/* End PBXCopyFilesBuildPhase section */

/* Begin PBXFileReference section */
		A39CF5A31AEC186E00F60178 /* Event.h */ = {isa = PBXFileReference; fileEncoding = 4; lastKnownFileType = sourcecode.c.h; path = Event.h; sourceTree = "<group>"; };
		A39CF5A41AEC186E00F60178 /* Event.m */ = {isa = PBXFileReference; fileEncoding = 4; lastKnownFileType = sourcecode.c.objc; path = Event.m; sourceTree = "<group>"; };
		A39CF5AB1AEC19D800F60178 /* TodayTimeTracker.appex */ = {isa = PBXFileReference; explicitFileType = "wrapper.app-extension"; includeInIndex = 0; path = TodayTimeTracker.appex; sourceTree = BUILT_PRODUCTS_DIR; };
		A39CF5AD1AEC19D800F60178 /* NotificationCenter.framework */ = {isa = PBXFileReference; lastKnownFileType = wrapper.framework; name = NotificationCenter.framework; path = System/Library/Frameworks/NotificationCenter.framework; sourceTree = SDKROOT; };
		A39CF5B11AEC19D800F60178 /* Info.plist */ = {isa = PBXFileReference; lastKnownFileType = text.plist.xml; path = Info.plist; sourceTree = "<group>"; };
		A39CF5B21AEC19D800F60178 /* TodayViewController.h */ = {isa = PBXFileReference; lastKnownFileType = sourcecode.c.h; path = TodayViewController.h; sourceTree = "<group>"; };
		A39CF5B31AEC19D800F60178 /* TodayViewController.m */ = {isa = PBXFileReference; lastKnownFileType = sourcecode.c.objc; path = TodayViewController.m; sourceTree = "<group>"; };
		A39CF5B51AEC19D800F60178 /* MainInterface.storyboard */ = {isa = PBXFileReference; lastKnownFileType = file.storyboard; path = MainInterface.storyboard; sourceTree = "<group>"; };
		A39CF5BD1AEC19E000F60178 /* TodayTimeTracker.entitlements */ = {isa = PBXFileReference; lastKnownFileType = text.xml; path = TodayTimeTracker.entitlements; sourceTree = "<group>"; };
		A3BE82091AEC09B10094FAA4 /* TimeTracker.app */ = {isa = PBXFileReference; explicitFileType = wrapper.application; includeInIndex = 0; path = TimeTracker.app; sourceTree = BUILT_PRODUCTS_DIR; };
		A3BE820D1AEC09B10094FAA4 /* Info.plist */ = {isa = PBXFileReference; lastKnownFileType = text.plist.xml; path = Info.plist; sourceTree = "<group>"; };
		A3BE820E1AEC09B10094FAA4 /* main.m */ = {isa = PBXFileReference; lastKnownFileType = sourcecode.c.objc; path = main.m; sourceTree = "<group>"; };
		A3BE82101AEC09B10094FAA4 /* AppDelegate.h */ = {isa = PBXFileReference; lastKnownFileType = sourcecode.c.h; path = AppDelegate.h; sourceTree = "<group>"; };
		A3BE82111AEC09B10094FAA4 /* AppDelegate.m */ = {isa = PBXFileReference; lastKnownFileType = sourcecode.c.objc; path = AppDelegate.m; sourceTree = "<group>"; };
		A3BE82141AEC09B10094FAA4 /* TimeTracker.xcdatamodel */ = {isa = PBXFileReference; lastKnownFileType = wrapper.xcdatamodel; path = TimeTracker.xcdatamodel; sourceTree = "<group>"; };
		A3BE82161AEC09B10094FAA4 /* MasterViewController.h */ = {isa = PBXFileReference; lastKnownFileType = sourcecode.c.h; path = MasterViewController.h; sourceTree = "<group>"; };
		A3BE82171AEC09B10094FAA4 /* MasterViewController.m */ = {isa = PBXFileReference; lastKnownFileType = sourcecode.c.objc; path = MasterViewController.m; sourceTree = "<group>"; };
		A3BE82191AEC09B10094FAA4 /* DetailViewController.h */ = {isa = PBXFileReference; lastKnownFileType = sourcecode.c.h; path = DetailViewController.h; sourceTree = "<group>"; };
		A3BE821A1AEC09B10094FAA4 /* DetailViewController.m */ = {isa = PBXFileReference; lastKnownFileType = sourcecode.c.objc; path = DetailViewController.m; sourceTree = "<group>"; };
		A3BE821D1AEC09B10094FAA4 /* Base */ = {isa = PBXFileReference; lastKnownFileType = file.storyboard; name = Base; path = Base.lproj/Main.storyboard; sourceTree = "<group>"; };
		A3BE821F1AEC09B10094FAA4 /* Images.xcassets */ = {isa = PBXFileReference; lastKnownFileType = folder.assetcatalog; path = Images.xcassets; sourceTree = "<group>"; };
		A3BE82221AEC09B10094FAA4 /* Base */ = {isa = PBXFileReference; lastKnownFileType = file.xib; name = Base; path = Base.lproj/LaunchScreen.xib; sourceTree = "<group>"; };
		A3BE82281AEC09B10094FAA4 /* TimeTrackerTests.xctest */ = {isa = PBXFileReference; explicitFileType = wrapper.cfbundle; includeInIndex = 0; path = TimeTrackerTests.xctest; sourceTree = BUILT_PRODUCTS_DIR; };
		A3BE823D1AEC09E50094FAA4 /* TimeTrackerKit.framework */ = {isa = PBXFileReference; explicitFileType = wrapper.framework; includeInIndex = 0; path = TimeTrackerKit.framework; sourceTree = BUILT_PRODUCTS_DIR; };
		A3BE82401AEC09E50094FAA4 /* Info.plist */ = {isa = PBXFileReference; lastKnownFileType = text.plist.xml; path = Info.plist; sourceTree = "<group>"; };
		A3BE82411AEC09E50094FAA4 /* TimeTrackerKit.h */ = {isa = PBXFileReference; lastKnownFileType = sourcecode.c.h; path = TimeTrackerKit.h; sourceTree = "<group>"; };
		A3BE82471AEC09E50094FAA4 /* TimeTrackerKitTests.xctest */ = {isa = PBXFileReference; explicitFileType = wrapper.cfbundle; includeInIndex = 0; path = TimeTrackerKitTests.xctest; sourceTree = BUILT_PRODUCTS_DIR; };
		A3BE825D1AEC0BB40094FAA4 /* CoreDataAccess.h */ = {isa = PBXFileReference; fileEncoding = 4; lastKnownFileType = sourcecode.c.h; path = CoreDataAccess.h; sourceTree = "<group>"; };
		A3BE825E1AEC0BB40094FAA4 /* CoreDataAccess.m */ = {isa = PBXFileReference; fileEncoding = 4; lastKnownFileType = sourcecode.c.objc; path = CoreDataAccess.m; sourceTree = "<group>"; };
		A3BE82651AEC0D520094FAA4 /* TimeTracker WatchKit Extension.appex */ = {isa = PBXFileReference; explicitFileType = "wrapper.app-extension"; includeInIndex = 0; path = "TimeTracker WatchKit Extension.appex"; sourceTree = BUILT_PRODUCTS_DIR; };
		A3BE82681AEC0D520094FAA4 /* Info.plist */ = {isa = PBXFileReference; lastKnownFileType = text.plist.xml; path = Info.plist; sourceTree = "<group>"; };
		A3BE82691AEC0D520094FAA4 /* InterfaceController.h */ = {isa = PBXFileReference; lastKnownFileType = sourcecode.c.h; path = InterfaceController.h; sourceTree = "<group>"; };
		A3BE826A1AEC0D520094FAA4 /* InterfaceController.m */ = {isa = PBXFileReference; lastKnownFileType = sourcecode.c.objc; path = InterfaceController.m; sourceTree = "<group>"; };
		A3BE826C1AEC0D520094FAA4 /* Images.xcassets */ = {isa = PBXFileReference; lastKnownFileType = folder.assetcatalog; path = Images.xcassets; sourceTree = "<group>"; };
		A3BE82701AEC0D520094FAA4 /* TimeTracker WatchKit App.app */ = {isa = PBXFileReference; explicitFileType = wrapper.application; includeInIndex = 0; path = "TimeTracker WatchKit App.app"; sourceTree = BUILT_PRODUCTS_DIR; };
		A3BE82761AEC0D520094FAA4 /* Info.plist */ = {isa = PBXFileReference; lastKnownFileType = text.plist.xml; path = Info.plist; sourceTree = "<group>"; };
		A3BE82781AEC0D520094FAA4 /* Base */ = {isa = PBXFileReference; lastKnownFileType = file.storyboard; name = Base; path = Base.lproj/Interface.storyboard; sourceTree = "<group>"; };
		A3BE827A1AEC0D520094FAA4 /* Images.xcassets */ = {isa = PBXFileReference; lastKnownFileType = folder.assetcatalog; path = Images.xcassets; sourceTree = "<group>"; };
		A3BE82861AEC0DA10094FAA4 /* ReadMe.md */ = {isa = PBXFileReference; fileEncoding = 4; lastKnownFileType = net.daringfireball.markdown; path = ReadMe.md; sourceTree = "<group>"; };
		A3BE82881AEC0E060094FAA4 /* TimeTracker.entitlements */ = {isa = PBXFileReference; lastKnownFileType = text.xml; path = TimeTracker.entitlements; sourceTree = "<group>"; };
		A3BE828A1AEC0F930094FAA4 /* TimeTracker WatchKit Extension.entitlements */ = {isa = PBXFileReference; lastKnownFileType = text.xml; path = "TimeTracker WatchKit Extension.entitlements"; sourceTree = "<group>"; };
		A3BE828D1AEC11A40094FAA4 /* TableViewController.h */ = {isa = PBXFileReference; fileEncoding = 4; lastKnownFileType = sourcecode.c.h; path = TableViewController.h; sourceTree = "<group>"; };
		A3BE828E1AEC11A40094FAA4 /* TableViewController.m */ = {isa = PBXFileReference; fileEncoding = 4; lastKnownFileType = sourcecode.c.objc; path = TableViewController.m; sourceTree = "<group>"; };
		A3BE82901AEC12200094FAA4 /* DetailInterfaceController.h */ = {isa = PBXFileReference; fileEncoding = 4; lastKnownFileType = sourcecode.c.h; path = DetailInterfaceController.h; sourceTree = "<group>"; };
		A3BE82911AEC12200094FAA4 /* DetailInterfaceController.m */ = {isa = PBXFileReference; fileEncoding = 4; lastKnownFileType = sourcecode.c.objc; path = DetailInterfaceController.m; sourceTree = "<group>"; };
/* End PBXFileReference section */

/* Begin PBXFrameworksBuildPhase section */
		A39CF5A81AEC19D800F60178 /* Frameworks */ = {
			isa = PBXFrameworksBuildPhase;
			buildActionMask = 2147483647;
			files = (
				A39CF5AE1AEC19D800F60178 /* NotificationCenter.framework in Frameworks */,
			);
			runOnlyForDeploymentPostprocessing = 0;
		};
		A3BE82061AEC09B10094FAA4 /* Frameworks */ = {
			isa = PBXFrameworksBuildPhase;
			buildActionMask = 2147483647;
			files = (
				A3BE82541AEC09E50094FAA4 /* TimeTrackerKit.framework in Frameworks */,
			);
			runOnlyForDeploymentPostprocessing = 0;
		};
		A3BE82251AEC09B10094FAA4 /* Frameworks */ = {
			isa = PBXFrameworksBuildPhase;
			buildActionMask = 2147483647;
			files = (
			);
			runOnlyForDeploymentPostprocessing = 0;
		};
		A3BE82391AEC09E50094FAA4 /* Frameworks */ = {
			isa = PBXFrameworksBuildPhase;
			buildActionMask = 2147483647;
			files = (
			);
			runOnlyForDeploymentPostprocessing = 0;
		};
		A3BE82441AEC09E50094FAA4 /* Frameworks */ = {
			isa = PBXFrameworksBuildPhase;
			buildActionMask = 2147483647;
			files = (
				A3BE82481AEC09E50094FAA4 /* TimeTrackerKit.framework in Frameworks */,
			);
			runOnlyForDeploymentPostprocessing = 0;
		};
		A3BE82621AEC0D520094FAA4 /* Frameworks */ = {
			isa = PBXFrameworksBuildPhase;
			buildActionMask = 2147483647;
			files = (
			);
			runOnlyForDeploymentPostprocessing = 0;
		};
/* End PBXFrameworksBuildPhase section */

/* Begin PBXGroup section */
		A39CF5AC1AEC19D800F60178 /* Frameworks */ = {
			isa = PBXGroup;
			children = (
				A39CF5AD1AEC19D800F60178 /* NotificationCenter.framework */,
			);
			name = Frameworks;
			sourceTree = "<group>";
		};
		A39CF5AF1AEC19D800F60178 /* TodayTimeTracker */ = {
			isa = PBXGroup;
			children = (
				A39CF5BD1AEC19E000F60178 /* TodayTimeTracker.entitlements */,
				A39CF5B21AEC19D800F60178 /* TodayViewController.h */,
				A39CF5B31AEC19D800F60178 /* TodayViewController.m */,
				A39CF5B51AEC19D800F60178 /* MainInterface.storyboard */,
				A39CF5B01AEC19D800F60178 /* Supporting Files */,
			);
			path = TodayTimeTracker;
			sourceTree = "<group>";
		};
		A39CF5B01AEC19D800F60178 /* Supporting Files */ = {
			isa = PBXGroup;
			children = (
				A39CF5B11AEC19D800F60178 /* Info.plist */,
			);
			name = "Supporting Files";
			sourceTree = "<group>";
		};
		A3BE82001AEC09B10094FAA4 = {
			isa = PBXGroup;
			children = (
				A3BE82861AEC0DA10094FAA4 /* ReadMe.md */,
				A3BE820B1AEC09B10094FAA4 /* TimeTracker */,
				A3BE823E1AEC09E50094FAA4 /* TimeTrackerKit */,
				A3BE82661AEC0D520094FAA4 /* TimeTracker WatchKit Extension */,
				A3BE82741AEC0D520094FAA4 /* TimeTracker WatchKit App */,
				A39CF5AF1AEC19D800F60178 /* TodayTimeTracker */,
				A39CF5AC1AEC19D800F60178 /* Frameworks */,
				A3BE820A1AEC09B10094FAA4 /* Products */,
			);
			sourceTree = "<group>";
		};
		A3BE820A1AEC09B10094FAA4 /* Products */ = {
			isa = PBXGroup;
			children = (
				A3BE82091AEC09B10094FAA4 /* TimeTracker.app */,
				A3BE82281AEC09B10094FAA4 /* TimeTrackerTests.xctest */,
				A3BE823D1AEC09E50094FAA4 /* TimeTrackerKit.framework */,
				A3BE82471AEC09E50094FAA4 /* TimeTrackerKitTests.xctest */,
				A3BE82651AEC0D520094FAA4 /* TimeTracker WatchKit Extension.appex */,
				A3BE82701AEC0D520094FAA4 /* TimeTracker WatchKit App.app */,
				A39CF5AB1AEC19D800F60178 /* TodayTimeTracker.appex */,
			);
			name = Products;
			sourceTree = "<group>";
		};
		A3BE820B1AEC09B10094FAA4 /* TimeTracker */ = {
			isa = PBXGroup;
			children = (
				A3BE82881AEC0E060094FAA4 /* TimeTracker.entitlements */,
				A3BE82101AEC09B10094FAA4 /* AppDelegate.h */,
				A3BE82111AEC09B10094FAA4 /* AppDelegate.m */,
				A3BE82161AEC09B10094FAA4 /* MasterViewController.h */,
				A3BE82171AEC09B10094FAA4 /* MasterViewController.m */,
				A3BE82191AEC09B10094FAA4 /* DetailViewController.h */,
				A3BE821A1AEC09B10094FAA4 /* DetailViewController.m */,
				A3BE821C1AEC09B10094FAA4 /* Main.storyboard */,
				A3BE821F1AEC09B10094FAA4 /* Images.xcassets */,
				A3BE82211AEC09B10094FAA4 /* LaunchScreen.xib */,
				A3BE820C1AEC09B10094FAA4 /* Supporting Files */,
			);
			path = TimeTracker;
			sourceTree = "<group>";
		};
		A3BE820C1AEC09B10094FAA4 /* Supporting Files */ = {
			isa = PBXGroup;
			children = (
				A3BE820D1AEC09B10094FAA4 /* Info.plist */,
				A3BE820E1AEC09B10094FAA4 /* main.m */,
			);
			name = "Supporting Files";
			sourceTree = "<group>";
		};
		A3BE823E1AEC09E50094FAA4 /* TimeTrackerKit */ = {
			isa = PBXGroup;
			children = (
				A3BE82131AEC09B10094FAA4 /* TimeTracker.xcdatamodeld */,
				A3BE82411AEC09E50094FAA4 /* TimeTrackerKit.h */,
				A39CF5A31AEC186E00F60178 /* Event.h */,
				A39CF5A41AEC186E00F60178 /* Event.m */,
				A3BE825D1AEC0BB40094FAA4 /* CoreDataAccess.h */,
				A3BE825E1AEC0BB40094FAA4 /* CoreDataAccess.m */,
				A3BE823F1AEC09E50094FAA4 /* Supporting Files */,
			);
			path = TimeTrackerKit;
			sourceTree = "<group>";
		};
		A3BE823F1AEC09E50094FAA4 /* Supporting Files */ = {
			isa = PBXGroup;
			children = (
				A3BE82401AEC09E50094FAA4 /* Info.plist */,
			);
			name = "Supporting Files";
			sourceTree = "<group>";
		};
		A3BE82661AEC0D520094FAA4 /* TimeTracker WatchKit Extension */ = {
			isa = PBXGroup;
			children = (
				A3BE828A1AEC0F930094FAA4 /* TimeTracker WatchKit Extension.entitlements */,
				A3BE82691AEC0D520094FAA4 /* InterfaceController.h */,
				A3BE826A1AEC0D520094FAA4 /* InterfaceController.m */,
				A3BE82901AEC12200094FAA4 /* DetailInterfaceController.h */,
				A3BE82911AEC12200094FAA4 /* DetailInterfaceController.m */,
				A3BE826C1AEC0D520094FAA4 /* Images.xcassets */,
				A3BE82671AEC0D520094FAA4 /* Supporting Files */,
				A3BE828D1AEC11A40094FAA4 /* TableViewController.h */,
				A3BE828E1AEC11A40094FAA4 /* TableViewController.m */,
			);
			path = "TimeTracker WatchKit Extension";
			sourceTree = "<group>";
		};
		A3BE82671AEC0D520094FAA4 /* Supporting Files */ = {
			isa = PBXGroup;
			children = (
				A3BE82681AEC0D520094FAA4 /* Info.plist */,
			);
			name = "Supporting Files";
			sourceTree = "<group>";
		};
		A3BE82741AEC0D520094FAA4 /* TimeTracker WatchKit App */ = {
			isa = PBXGroup;
			children = (
				A3BE82771AEC0D520094FAA4 /* Interface.storyboard */,
				A3BE827A1AEC0D520094FAA4 /* Images.xcassets */,
				A3BE82751AEC0D520094FAA4 /* Supporting Files */,
			);
			path = "TimeTracker WatchKit App";
			sourceTree = "<group>";
		};
		A3BE82751AEC0D520094FAA4 /* Supporting Files */ = {
			isa = PBXGroup;
			children = (
				A3BE82761AEC0D520094FAA4 /* Info.plist */,
			);
			name = "Supporting Files";
			sourceTree = "<group>";
		};
/* End PBXGroup section */

/* Begin PBXHeadersBuildPhase section */
		A3BE823A1AEC09E50094FAA4 /* Headers */ = {
			isa = PBXHeadersBuildPhase;
			buildActionMask = 2147483647;
			files = (
				A39CF5A51AEC186E00F60178 /* Event.h in Headers */,
				A3BE82421AEC09E50094FAA4 /* TimeTrackerKit.h in Headers */,
				A3BE825F1AEC0BB40094FAA4 /* CoreDataAccess.h in Headers */,
			);
			runOnlyForDeploymentPostprocessing = 0;
		};
/* End PBXHeadersBuildPhase section */

/* Begin PBXNativeTarget section */
		A39CF5AA1AEC19D800F60178 /* TodayTimeTracker */ = {
			isa = PBXNativeTarget;
			buildConfigurationList = A39CF5BA1AEC19D900F60178 /* Build configuration list for PBXNativeTarget "TodayTimeTracker" */;
			buildPhases = (
				A39CF5A71AEC19D800F60178 /* Sources */,
				A39CF5A81AEC19D800F60178 /* Frameworks */,
				A39CF5A91AEC19D800F60178 /* Resources */,
			);
			buildRules = (
			);
			dependencies = (
			);
			name = TodayTimeTracker;
			productName = TodayTimeTracker;
			productReference = A39CF5AB1AEC19D800F60178 /* TodayTimeTracker.appex */;
			productType = "com.apple.product-type.app-extension";
		};
		A3BE82081AEC09B10094FAA4 /* TimeTracker */ = {
			isa = PBXNativeTarget;
			buildConfigurationList = A3BE82321AEC09B10094FAA4 /* Build configuration list for PBXNativeTarget "TimeTracker" */;
			buildPhases = (
				A3BE82051AEC09B10094FAA4 /* Sources */,
				A3BE82061AEC09B10094FAA4 /* Frameworks */,
				A3BE82071AEC09B10094FAA4 /* Resources */,
				A3BE82591AEC09E50094FAA4 /* Embed Frameworks */,
				A3BE82851AEC0D520094FAA4 /* Embed App Extensions */,
			);
			buildRules = (
			);
			dependencies = (
				A3BE82531AEC09E50094FAA4 /* PBXTargetDependency */,
				A3BE827D1AEC0D520094FAA4 /* PBXTargetDependency */,
				A39CF5B81AEC19D800F60178 /* PBXTargetDependency */,
			);
			name = TimeTracker;
			productName = TimeTracker;
			productReference = A3BE82091AEC09B10094FAA4 /* TimeTracker.app */;
			productType = "com.apple.product-type.application";
		};
		A3BE82271AEC09B10094FAA4 /* TimeTrackerTests */ = {
			isa = PBXNativeTarget;
			buildConfigurationList = A3BE82351AEC09B10094FAA4 /* Build configuration list for PBXNativeTarget "TimeTrackerTests" */;
			buildPhases = (
				A3BE82241AEC09B10094FAA4 /* Sources */,
				A3BE82251AEC09B10094FAA4 /* Frameworks */,
				A3BE82261AEC09B10094FAA4 /* Resources */,
			);
			buildRules = (
			);
			dependencies = (
				A3BE822A1AEC09B10094FAA4 /* PBXTargetDependency */,
			);
			name = TimeTrackerTests;
			productName = TimeTrackerTests;
			productReference = A3BE82281AEC09B10094FAA4 /* TimeTrackerTests.xctest */;
			productType = "com.apple.product-type.bundle.unit-test";
		};
		A3BE823C1AEC09E50094FAA4 /* TimeTrackerKit */ = {
			isa = PBXNativeTarget;
			buildConfigurationList = A3BE82561AEC09E50094FAA4 /* Build configuration list for PBXNativeTarget "TimeTrackerKit" */;
			buildPhases = (
				A3BE82381AEC09E50094FAA4 /* Sources */,
				A3BE82391AEC09E50094FAA4 /* Frameworks */,
				A3BE823A1AEC09E50094FAA4 /* Headers */,
				A3BE823B1AEC09E50094FAA4 /* Resources */,
			);
			buildRules = (
			);
			dependencies = (
			);
			name = TimeTrackerKit;
			productName = TimeTrackerKit;
			productReference = A3BE823D1AEC09E50094FAA4 /* TimeTrackerKit.framework */;
			productType = "com.apple.product-type.framework";
		};
		A3BE82461AEC09E50094FAA4 /* TimeTrackerKitTests */ = {
			isa = PBXNativeTarget;
			buildConfigurationList = A3BE825A1AEC09E50094FAA4 /* Build configuration list for PBXNativeTarget "TimeTrackerKitTests" */;
			buildPhases = (
				A3BE82431AEC09E50094FAA4 /* Sources */,
				A3BE82441AEC09E50094FAA4 /* Frameworks */,
				A3BE82451AEC09E50094FAA4 /* Resources */,
			);
			buildRules = (
			);
			dependencies = (
				A3BE824A1AEC09E50094FAA4 /* PBXTargetDependency */,
				A3BE824C1AEC09E50094FAA4 /* PBXTargetDependency */,
			);
			name = TimeTrackerKitTests;
			productName = TimeTrackerKitTests;
			productReference = A3BE82471AEC09E50094FAA4 /* TimeTrackerKitTests.xctest */;
			productType = "com.apple.product-type.bundle.unit-test";
		};
		A3BE82641AEC0D520094FAA4 /* TimeTracker WatchKit Extension */ = {
			isa = PBXNativeTarget;
			buildConfigurationList = A3BE82821AEC0D520094FAA4 /* Build configuration list for PBXNativeTarget "TimeTracker WatchKit Extension" */;
			buildPhases = (
				A3BE82611AEC0D520094FAA4 /* Sources */,
				A3BE82621AEC0D520094FAA4 /* Frameworks */,
				A3BE82631AEC0D520094FAA4 /* Resources */,
			);
			buildRules = (
			);
			dependencies = (
				A3BE82731AEC0D520094FAA4 /* PBXTargetDependency */,
			);
			name = "TimeTracker WatchKit Extension";
			productName = "TimeTracker WatchKit Extension";
			productReference = A3BE82651AEC0D520094FAA4 /* TimeTracker WatchKit Extension.appex */;
			productType = "com.apple.product-type.watchkit-extension";
		};
		A3BE826F1AEC0D520094FAA4 /* TimeTracker WatchKit App */ = {
			isa = PBXNativeTarget;
			buildConfigurationList = A3BE827F1AEC0D520094FAA4 /* Build configuration list for PBXNativeTarget "TimeTracker WatchKit App" */;
			buildPhases = (
				A3BE826E1AEC0D520094FAA4 /* Resources */,
			);
			buildRules = (
			);
			dependencies = (
			);
			name = "TimeTracker WatchKit App";
			productName = "TimeTracker WatchKit App";
			productReference = A3BE82701AEC0D520094FAA4 /* TimeTracker WatchKit App.app */;
			productType = "com.apple.product-type.application.watchapp";
		};
/* End PBXNativeTarget section */

/* Begin PBXProject section */
		A3BE82011AEC09B10094FAA4 /* Project object */ = {
			isa = PBXProject;
			attributes = {
				LastUpgradeCheck = 0630;
				ORGANIZATIONNAME = "iReka Soft";
				TargetAttributes = {
					A39CF5AA1AEC19D800F60178 = {
						CreatedOnToolsVersion = 6.3.1;
						DevelopmentTeam = 23A6EJTDXW;
						SystemCapabilities = {
							com.apple.ApplicationGroups.iOS = {
								enabled = 1;
							};
						};
					};
					A3BE82081AEC09B10094FAA4 = {
						CreatedOnToolsVersion = 6.3.1;
						DevelopmentTeam = 23A6EJTDXW;
						SystemCapabilities = {
							com.apple.ApplicationGroups.iOS = {
								enabled = 1;
							};
						};
					};
					A3BE82271AEC09B10094FAA4 = {
						CreatedOnToolsVersion = 6.3.1;
						TestTargetID = A3BE82081AEC09B10094FAA4;
					};
					A3BE823C1AEC09E50094FAA4 = {
						CreatedOnToolsVersion = 6.3.1;
					};
					A3BE82461AEC09E50094FAA4 = {
						CreatedOnToolsVersion = 6.3.1;
						TestTargetID = A3BE82081AEC09B10094FAA4;
					};
					A3BE82641AEC0D520094FAA4 = {
						CreatedOnToolsVersion = 6.3.1;
						DevelopmentTeam = 23A6EJTDXW;
						SystemCapabilities = {
							com.apple.ApplicationGroups.iOS = {
								enabled = 1;
							};
						};
					};
					A3BE826F1AEC0D520094FAA4 = {
						CreatedOnToolsVersion = 6.3.1;
					};
				};
			};
			buildConfigurationList = A3BE82041AEC09B10094FAA4 /* Build configuration list for PBXProject "TimeTracker" */;
			compatibilityVersion = "Xcode 3.2";
			developmentRegion = English;
			hasScannedForEncodings = 0;
			knownRegions = (
				en,
				Base,
			);
			mainGroup = A3BE82001AEC09B10094FAA4;
			productRefGroup = A3BE820A1AEC09B10094FAA4 /* Products */;
			projectDirPath = "";
			projectRoot = "";
			targets = (
				A3BE82081AEC09B10094FAA4 /* TimeTracker */,
				A3BE82271AEC09B10094FAA4 /* TimeTrackerTests */,
				A3BE823C1AEC09E50094FAA4 /* TimeTrackerKit */,
				A3BE82461AEC09E50094FAA4 /* TimeTrackerKitTests */,
				A3BE82641AEC0D520094FAA4 /* TimeTracker WatchKit Extension */,
				A3BE826F1AEC0D520094FAA4 /* TimeTracker WatchKit App */,
				A39CF5AA1AEC19D800F60178 /* TodayTimeTracker */,
			);
		};
/* End PBXProject section */

/* Begin PBXResourcesBuildPhase section */
		A39CF5A91AEC19D800F60178 /* Resources */ = {
			isa = PBXResourcesBuildPhase;
			buildActionMask = 2147483647;
			files = (
				A39CF5B61AEC19D800F60178 /* MainInterface.storyboard in Resources */,
			);
			runOnlyForDeploymentPostprocessing = 0;
		};
		A3BE82071AEC09B10094FAA4 /* Resources */ = {
			isa = PBXResourcesBuildPhase;
			buildActionMask = 2147483647;
			files = (
				A3BE821E1AEC09B10094FAA4 /* Main.storyboard in Resources */,
				A3BE82231AEC09B10094FAA4 /* LaunchScreen.xib in Resources */,
				A3BE82201AEC09B10094FAA4 /* Images.xcassets in Resources */,
			);
			runOnlyForDeploymentPostprocessing = 0;
		};
		A3BE82261AEC09B10094FAA4 /* Resources */ = {
			isa = PBXResourcesBuildPhase;
			buildActionMask = 2147483647;
			files = (
			);
			runOnlyForDeploymentPostprocessing = 0;
		};
		A3BE823B1AEC09E50094FAA4 /* Resources */ = {
			isa = PBXResourcesBuildPhase;
			buildActionMask = 2147483647;
			files = (
			);
			runOnlyForDeploymentPostprocessing = 0;
		};
		A3BE82451AEC09E50094FAA4 /* Resources */ = {
			isa = PBXResourcesBuildPhase;
			buildActionMask = 2147483647;
			files = (
			);
			runOnlyForDeploymentPostprocessing = 0;
		};
		A3BE82631AEC0D520094FAA4 /* Resources */ = {
			isa = PBXResourcesBuildPhase;
			buildActionMask = 2147483647;
			files = (
				A3BE82711AEC0D520094FAA4 /* TimeTracker WatchKit App.app in Resources */,
				A3BE826D1AEC0D520094FAA4 /* Images.xcassets in Resources */,
			);
			runOnlyForDeploymentPostprocessing = 0;
		};
		A3BE826E1AEC0D520094FAA4 /* Resources */ = {
			isa = PBXResourcesBuildPhase;
			buildActionMask = 2147483647;
			files = (
				A3BE82791AEC0D520094FAA4 /* Interface.storyboard in Resources */,
				A3BE827B1AEC0D520094FAA4 /* Images.xcassets in Resources */,
			);
			runOnlyForDeploymentPostprocessing = 0;
		};
/* End PBXResourcesBuildPhase section */

/* Begin PBXSourcesBuildPhase section */
		A39CF5A71AEC19D800F60178 /* Sources */ = {
			isa = PBXSourcesBuildPhase;
			buildActionMask = 2147483647;
			files = (
				A39CF5B41AEC19D800F60178 /* TodayViewController.m in Sources */,
				A39CF5BE1AEC1A6A00F60178 /* TimeTracker.xcdatamodeld in Sources */,
			);
			runOnlyForDeploymentPostprocessing = 0;
		};
		A3BE82051AEC09B10094FAA4 /* Sources */ = {
			isa = PBXSourcesBuildPhase;
			buildActionMask = 2147483647;
			files = (
				A3BE821B1AEC09B10094FAA4 /* DetailViewController.m in Sources */,
				A3BE82181AEC09B10094FAA4 /* MasterViewController.m in Sources */,
				A3BE82121AEC09B10094FAA4 /* AppDelegate.m in Sources */,
				A3BE828C1AEC10020094FAA4 /* TimeTracker.xcdatamodeld in Sources */,
				A3BE820F1AEC09B10094FAA4 /* main.m in Sources */,
			);
			runOnlyForDeploymentPostprocessing = 0;
		};
		A3BE82241AEC09B10094FAA4 /* Sources */ = {
			isa = PBXSourcesBuildPhase;
			buildActionMask = 2147483647;
			files = (
			);
			runOnlyForDeploymentPostprocessing = 0;
		};
		A3BE82381AEC09E50094FAA4 /* Sources */ = {
			isa = PBXSourcesBuildPhase;
			buildActionMask = 2147483647;
			files = (
				A39CF5A61AEC186E00F60178 /* Event.m in Sources */,
				A3BE82871AEC0DA10094FAA4 /* ReadMe.md in Sources */,
				A3BE82601AEC0BB40094FAA4 /* CoreDataAccess.m in Sources */,
				A3BE82891AEC0EC10094FAA4 /* TimeTracker.xcdatamodeld in Sources */,
			);
			runOnlyForDeploymentPostprocessing = 0;
		};
		A3BE82431AEC09E50094FAA4 /* Sources */ = {
			isa = PBXSourcesBuildPhase;
			buildActionMask = 2147483647;
			files = (
			);
			runOnlyForDeploymentPostprocessing = 0;
		};
		A3BE82611AEC0D520094FAA4 /* Sources */ = {
			isa = PBXSourcesBuildPhase;
			buildActionMask = 2147483647;
			files = (
				A3BE826B1AEC0D520094FAA4 /* InterfaceController.m in Sources */,
				A3BE828F1AEC11A40094FAA4 /* TableViewController.m in Sources */,
				A3BE82921AEC12200094FAA4 /* DetailInterfaceController.m in Sources */,
				A3BE828B1AEC0FEF0094FAA4 /* TimeTracker.xcdatamodeld in Sources */,
			);
			runOnlyForDeploymentPostprocessing = 0;
		};
/* End PBXSourcesBuildPhase section */

/* Begin PBXTargetDependency section */
		A39CF5B81AEC19D800F60178 /* PBXTargetDependency */ = {
			isa = PBXTargetDependency;
			target = A39CF5AA1AEC19D800F60178 /* TodayTimeTracker */;
			targetProxy = A39CF5B71AEC19D800F60178 /* PBXContainerItemProxy */;
		};
		A3BE822A1AEC09B10094FAA4 /* PBXTargetDependency */ = {
			isa = PBXTargetDependency;
			target = A3BE82081AEC09B10094FAA4 /* TimeTracker */;
			targetProxy = A3BE82291AEC09B10094FAA4 /* PBXContainerItemProxy */;
		};
		A3BE824A1AEC09E50094FAA4 /* PBXTargetDependency */ = {
			isa = PBXTargetDependency;
			target = A3BE823C1AEC09E50094FAA4 /* TimeTrackerKit */;
			targetProxy = A3BE82491AEC09E50094FAA4 /* PBXContainerItemProxy */;
		};
		A3BE824C1AEC09E50094FAA4 /* PBXTargetDependency */ = {
			isa = PBXTargetDependency;
			target = A3BE82081AEC09B10094FAA4 /* TimeTracker */;
			targetProxy = A3BE824B1AEC09E50094FAA4 /* PBXContainerItemProxy */;
		};
		A3BE82531AEC09E50094FAA4 /* PBXTargetDependency */ = {
			isa = PBXTargetDependency;
			target = A3BE823C1AEC09E50094FAA4 /* TimeTrackerKit */;
			targetProxy = A3BE82521AEC09E50094FAA4 /* PBXContainerItemProxy */;
		};
		A3BE82731AEC0D520094FAA4 /* PBXTargetDependency */ = {
			isa = PBXTargetDependency;
			target = A3BE826F1AEC0D520094FAA4 /* TimeTracker WatchKit App */;
			targetProxy = A3BE82721AEC0D520094FAA4 /* PBXContainerItemProxy */;
		};
		A3BE827D1AEC0D520094FAA4 /* PBXTargetDependency */ = {
			isa = PBXTargetDependency;
			target = A3BE82641AEC0D520094FAA4 /* TimeTracker WatchKit Extension */;
			targetProxy = A3BE827C1AEC0D520094FAA4 /* PBXContainerItemProxy */;
		};
/* End PBXTargetDependency section */

/* Begin PBXVariantGroup section */
		A3BE821C1AEC09B10094FAA4 /* Main.storyboard */ = {
			isa = PBXVariantGroup;
			children = (
				A3BE821D1AEC09B10094FAA4 /* Base */,
			);
			name = Main.storyboard;
			sourceTree = "<group>";
		};
		A3BE82211AEC09B10094FAA4 /* LaunchScreen.xib */ = {
			isa = PBXVariantGroup;
			children = (
				A3BE82221AEC09B10094FAA4 /* Base */,
			);
			name = LaunchScreen.xib;
			sourceTree = "<group>";
		};
		A3BE82771AEC0D520094FAA4 /* Interface.storyboard */ = {
			isa = PBXVariantGroup;
			children = (
				A3BE82781AEC0D520094FAA4 /* Base */,
			);
			name = Interface.storyboard;
			sourceTree = "<group>";
		};
/* End PBXVariantGroup section */

/* Begin XCBuildConfiguration section */
		A39CF5BB1AEC19D900F60178 /* Debug */ = {
			isa = XCBuildConfiguration;
			buildSettings = {
				CODE_SIGN_ENTITLEMENTS = TodayTimeTracker/TodayTimeTracker.entitlements;
				CODE_SIGN_IDENTITY = "iPhone Developer";
				"CODE_SIGN_IDENTITY[sdk=iphoneos*]" = "iPhone Developer";
				GCC_PREPROCESSOR_DEFINITIONS = (
					"DEBUG=1",
					"$(inherited)",
				);
				INFOPLIST_FILE = TodayTimeTracker/Info.plist;
				LD_RUNPATH_SEARCH_PATHS = "$(inherited) @executable_path/Frameworks @executable_path/../../Frameworks";
				PRODUCT_NAME = "$(TARGET_NAME)";
				PROVISIONING_PROFILE = "";
				SKIP_INSTALL = YES;
			};
			name = Debug;
		};
		A39CF5BC1AEC19D900F60178 /* Release */ = {
			isa = XCBuildConfiguration;
			buildSettings = {
				CODE_SIGN_ENTITLEMENTS = TodayTimeTracker/TodayTimeTracker.entitlements;
				CODE_SIGN_IDENTITY = "iPhone Developer";
				"CODE_SIGN_IDENTITY[sdk=iphoneos*]" = "iPhone Developer";
				INFOPLIST_FILE = TodayTimeTracker/Info.plist;
				LD_RUNPATH_SEARCH_PATHS = "$(inherited) @executable_path/Frameworks @executable_path/../../Frameworks";
				PRODUCT_NAME = "$(TARGET_NAME)";
				PROVISIONING_PROFILE = "";
				SKIP_INSTALL = YES;
			};
			name = Release;
		};
		A3BE82301AEC09B10094FAA4 /* Debug */ = {
			isa = XCBuildConfiguration;
			buildSettings = {
				ALWAYS_SEARCH_USER_PATHS = NO;
				CLANG_CXX_LANGUAGE_STANDARD = "gnu++0x";
				CLANG_CXX_LIBRARY = "libc++";
				CLANG_ENABLE_MODULES = YES;
				CLANG_ENABLE_OBJC_ARC = YES;
				CLANG_WARN_BOOL_CONVERSION = YES;
				CLANG_WARN_CONSTANT_CONVERSION = YES;
				CLANG_WARN_DIRECT_OBJC_ISA_USAGE = YES_ERROR;
				CLANG_WARN_EMPTY_BODY = YES;
				CLANG_WARN_ENUM_CONVERSION = YES;
				CLANG_WARN_INT_CONVERSION = YES;
				CLANG_WARN_OBJC_ROOT_CLASS = YES_ERROR;
				CLANG_WARN_UNREACHABLE_CODE = YES;
				CLANG_WARN__DUPLICATE_METHOD_MATCH = YES;
				"CODE_SIGN_IDENTITY[sdk=iphoneos*]" = "iPhone Developer";
				COPY_PHASE_STRIP = NO;
				DEBUG_INFORMATION_FORMAT = "dwarf-with-dsym";
				ENABLE_STRICT_OBJC_MSGSEND = YES;
				GCC_C_LANGUAGE_STANDARD = gnu99;
				GCC_DYNAMIC_NO_PIC = NO;
				GCC_NO_COMMON_BLOCKS = YES;
				GCC_OPTIMIZATION_LEVEL = 0;
				GCC_PREPROCESSOR_DEFINITIONS = (
					"DEBUG=1",
					"$(inherited)",
				);
				GCC_SYMBOLS_PRIVATE_EXTERN = NO;
				GCC_WARN_64_TO_32_BIT_CONVERSION = YES;
				GCC_WARN_ABOUT_RETURN_TYPE = YES_ERROR;
				GCC_WARN_UNDECLARED_SELECTOR = YES;
				GCC_WARN_UNINITIALIZED_AUTOS = YES_AGGRESSIVE;
				GCC_WARN_UNUSED_FUNCTION = YES;
				GCC_WARN_UNUSED_VARIABLE = YES;
				IPHONEOS_DEPLOYMENT_TARGET = 8.3;
				MTL_ENABLE_DEBUG_INFO = YES;
				ONLY_ACTIVE_ARCH = YES;
				SDKROOT = iphoneos;
				TARGETED_DEVICE_FAMILY = "1,2";
			};
			name = Debug;
		};
		A3BE82311AEC09B10094FAA4 /* Release */ = {
			isa = XCBuildConfiguration;
			buildSettings = {
				ALWAYS_SEARCH_USER_PATHS = NO;
				CLANG_CXX_LANGUAGE_STANDARD = "gnu++0x";
				CLANG_CXX_LIBRARY = "libc++";
				CLANG_ENABLE_MODULES = YES;
				CLANG_ENABLE_OBJC_ARC = YES;
				CLANG_WARN_BOOL_CONVERSION = YES;
				CLANG_WARN_CONSTANT_CONVERSION = YES;
				CLANG_WARN_DIRECT_OBJC_ISA_USAGE = YES_ERROR;
				CLANG_WARN_EMPTY_BODY = YES;
				CLANG_WARN_ENUM_CONVERSION = YES;
				CLANG_WARN_INT_CONVERSION = YES;
				CLANG_WARN_OBJC_ROOT_CLASS = YES_ERROR;
				CLANG_WARN_UNREACHABLE_CODE = YES;
				CLANG_WARN__DUPLICATE_METHOD_MATCH = YES;
				"CODE_SIGN_IDENTITY[sdk=iphoneos*]" = "iPhone Developer";
				COPY_PHASE_STRIP = NO;
				DEBUG_INFORMATION_FORMAT = "dwarf-with-dsym";
				ENABLE_NS_ASSERTIONS = NO;
				ENABLE_STRICT_OBJC_MSGSEND = YES;
				GCC_C_LANGUAGE_STANDARD = gnu99;
				GCC_NO_COMMON_BLOCKS = YES;
				GCC_WARN_64_TO_32_BIT_CONVERSION = YES;
				GCC_WARN_ABOUT_RETURN_TYPE = YES_ERROR;
				GCC_WARN_UNDECLARED_SELECTOR = YES;
				GCC_WARN_UNINITIALIZED_AUTOS = YES_AGGRESSIVE;
				GCC_WARN_UNUSED_FUNCTION = YES;
				GCC_WARN_UNUSED_VARIABLE = YES;
				IPHONEOS_DEPLOYMENT_TARGET = 8.3;
				MTL_ENABLE_DEBUG_INFO = NO;
				SDKROOT = iphoneos;
				TARGETED_DEVICE_FAMILY = "1,2";
				VALIDATE_PRODUCT = YES;
			};
			name = Release;
		};
		A3BE82331AEC09B10094FAA4 /* Debug */ = {
			isa = XCBuildConfiguration;
			buildSettings = {
				ASSETCATALOG_COMPILER_APPICON_NAME = AppIcon;
				CODE_SIGN_ENTITLEMENTS = TimeTracker/TimeTracker.entitlements;
				CODE_SIGN_IDENTITY = "iPhone Developer";
				"CODE_SIGN_IDENTITY[sdk=iphoneos*]" = "iPhone Developer";
				INFOPLIST_FILE = TimeTracker/Info.plist;
				LD_RUNPATH_SEARCH_PATHS = "$(inherited) @executable_path/Frameworks";
				PRODUCT_NAME = "$(TARGET_NAME)";
				PROVISIONING_PROFILE = "";
			};
			name = Debug;
		};
		A3BE82341AEC09B10094FAA4 /* Release */ = {
			isa = XCBuildConfiguration;
			buildSettings = {
				ASSETCATALOG_COMPILER_APPICON_NAME = AppIcon;
				CODE_SIGN_ENTITLEMENTS = TimeTracker/TimeTracker.entitlements;
				CODE_SIGN_IDENTITY = "iPhone Developer";
				"CODE_SIGN_IDENTITY[sdk=iphoneos*]" = "iPhone Developer";
				INFOPLIST_FILE = TimeTracker/Info.plist;
				LD_RUNPATH_SEARCH_PATHS = "$(inherited) @executable_path/Frameworks";
				PRODUCT_NAME = "$(TARGET_NAME)";
				PROVISIONING_PROFILE = "";
			};
			name = Release;
		};
		A3BE82361AEC09B10094FAA4 /* Debug */ = {
			isa = XCBuildConfiguration;
			buildSettings = {
				BUNDLE_LOADER = "$(TEST_HOST)";
				FRAMEWORK_SEARCH_PATHS = (
					"$(SDKROOT)/Developer/Library/Frameworks",
					"$(inherited)",
				);
				GCC_PREPROCESSOR_DEFINITIONS = (
					"DEBUG=1",
					"$(inherited)",
				);
				INFOPLIST_FILE = TimeTrackerTests/Info.plist;
				LD_RUNPATH_SEARCH_PATHS = "$(inherited) @executable_path/Frameworks @loader_path/Frameworks";
				PRODUCT_NAME = "$(TARGET_NAME)";
				TEST_HOST = "$(BUILT_PRODUCTS_DIR)/TimeTracker.app/TimeTracker";
			};
			name = Debug;
		};
		A3BE82371AEC09B10094FAA4 /* Release */ = {
			isa = XCBuildConfiguration;
			buildSettings = {
				BUNDLE_LOADER = "$(TEST_HOST)";
				FRAMEWORK_SEARCH_PATHS = (
					"$(SDKROOT)/Developer/Library/Frameworks",
					"$(inherited)",
				);
				INFOPLIST_FILE = TimeTrackerTests/Info.plist;
				LD_RUNPATH_SEARCH_PATHS = "$(inherited) @executable_path/Frameworks @loader_path/Frameworks";
				PRODUCT_NAME = "$(TARGET_NAME)";
				TEST_HOST = "$(BUILT_PRODUCTS_DIR)/TimeTracker.app/TimeTracker";
			};
			name = Release;
		};
		A3BE82571AEC09E50094FAA4 /* Debug */ = {
			isa = XCBuildConfiguration;
			buildSettings = {
				CURRENT_PROJECT_VERSION = 1;
				DEFINES_MODULE = YES;
				DYLIB_COMPATIBILITY_VERSION = 1;
				DYLIB_CURRENT_VERSION = 1;
				DYLIB_INSTALL_NAME_BASE = "@rpath";
				GCC_PREPROCESSOR_DEFINITIONS = (
					"DEBUG=1",
					"$(inherited)",
				);
				INFOPLIST_FILE = TimeTrackerKit/Info.plist;
				INSTALL_PATH = "$(LOCAL_LIBRARY_DIR)/Frameworks";
				LD_RUNPATH_SEARCH_PATHS = "$(inherited) @executable_path/Frameworks @loader_path/Frameworks";
				PRODUCT_NAME = "$(TARGET_NAME)";
				SKIP_INSTALL = YES;
				VERSIONING_SYSTEM = "apple-generic";
				VERSION_INFO_PREFIX = "";
			};
			name = Debug;
		};
		A3BE82581AEC09E50094FAA4 /* Release */ = {
			isa = XCBuildConfiguration;
			buildSettings = {
				CURRENT_PROJECT_VERSION = 1;
				DEFINES_MODULE = YES;
				DYLIB_COMPATIBILITY_VERSION = 1;
				DYLIB_CURRENT_VERSION = 1;
				DYLIB_INSTALL_NAME_BASE = "@rpath";
				INFOPLIST_FILE = TimeTrackerKit/Info.plist;
				INSTALL_PATH = "$(LOCAL_LIBRARY_DIR)/Frameworks";
				LD_RUNPATH_SEARCH_PATHS = "$(inherited) @executable_path/Frameworks @loader_path/Frameworks";
				PRODUCT_NAME = "$(TARGET_NAME)";
				SKIP_INSTALL = YES;
				VERSIONING_SYSTEM = "apple-generic";
				VERSION_INFO_PREFIX = "";
			};
			name = Release;
		};
		A3BE825B1AEC09E50094FAA4 /* Debug */ = {
			isa = XCBuildConfiguration;
			buildSettings = {
				FRAMEWORK_SEARCH_PATHS = (
					"$(SDKROOT)/Developer/Library/Frameworks",
					"$(inherited)",
				);
				GCC_PREPROCESSOR_DEFINITIONS = (
					"DEBUG=1",
					"$(inherited)",
				);
				INFOPLIST_FILE = TimeTrackerKitTests/Info.plist;
				LD_RUNPATH_SEARCH_PATHS = "$(inherited) @executable_path/Frameworks @loader_path/Frameworks";
				PRODUCT_NAME = "$(TARGET_NAME)";
				TEST_HOST = "$(BUILT_PRODUCTS_DIR)/TimeTracker.app/TimeTracker";
			};
			name = Debug;
		};
		A3BE825C1AEC09E50094FAA4 /* Release */ = {
			isa = XCBuildConfiguration;
			buildSettings = {
				FRAMEWORK_SEARCH_PATHS = (
					"$(SDKROOT)/Developer/Library/Frameworks",
					"$(inherited)",
				);
				INFOPLIST_FILE = TimeTrackerKitTests/Info.plist;
				LD_RUNPATH_SEARCH_PATHS = "$(inherited) @executable_path/Frameworks @loader_path/Frameworks";
				PRODUCT_NAME = "$(TARGET_NAME)";
				TEST_HOST = "$(BUILT_PRODUCTS_DIR)/TimeTracker.app/TimeTracker";
			};
			name = Release;
		};
		A3BE82801AEC0D520094FAA4 /* Debug */ = {
			isa = XCBuildConfiguration;
			buildSettings = {
				ASSETCATALOG_COMPILER_APPICON_NAME = AppIcon;
				GCC_PREPROCESSOR_DEFINITIONS = (
					"DEBUG=1",
					"$(inherited)",
				);
				IBSC_MODULE = TimeTracker_WatchKit_Extension;
				INFOPLIST_FILE = "TimeTracker WatchKit App/Info.plist";
				IPHONEOS_DEPLOYMENT_TARGET = 8.2;
				PRODUCT_NAME = "$(TARGET_NAME)";
				SKIP_INSTALL = YES;
				TARGETED_DEVICE_FAMILY = 4;
				"TARGETED_DEVICE_FAMILY[sdk=iphonesimulator*]" = "1,4";
			};
			name = Debug;
		};
		A3BE82811AEC0D520094FAA4 /* Release */ = {
			isa = XCBuildConfiguration;
			buildSettings = {
				ASSETCATALOG_COMPILER_APPICON_NAME = AppIcon;
				IBSC_MODULE = TimeTracker_WatchKit_Extension;
				INFOPLIST_FILE = "TimeTracker WatchKit App/Info.plist";
				IPHONEOS_DEPLOYMENT_TARGET = 8.2;
				PRODUCT_NAME = "$(TARGET_NAME)";
				SKIP_INSTALL = YES;
				TARGETED_DEVICE_FAMILY = 4;
				"TARGETED_DEVICE_FAMILY[sdk=iphonesimulator*]" = "1,4";
			};
			name = Release;
		};
		A3BE82831AEC0D520094FAA4 /* Debug */ = {
			isa = XCBuildConfiguration;
			buildSettings = {
				CODE_SIGN_ENTITLEMENTS = "TimeTracker WatchKit Extension/TimeTracker WatchKit Extension.entitlements";
				CODE_SIGN_IDENTITY = "iPhone Developer";
				"CODE_SIGN_IDENTITY[sdk=iphoneos*]" = "iPhone Developer";
				GCC_PREPROCESSOR_DEFINITIONS = (
					"DEBUG=1",
					"$(inherited)",
				);
				INFOPLIST_FILE = "TimeTracker WatchKit Extension/Info.plist";
				LD_RUNPATH_SEARCH_PATHS = "$(inherited) @executable_path/Frameworks @executable_path/../../Frameworks";
				PRODUCT_NAME = "${TARGET_NAME}";
				PROVISIONING_PROFILE = "";
				SKIP_INSTALL = YES;
			};
			name = Debug;
		};
		A3BE82841AEC0D520094FAA4 /* Release */ = {
			isa = XCBuildConfiguration;
			buildSettings = {
				CODE_SIGN_ENTITLEMENTS = "TimeTracker WatchKit Extension/TimeTracker WatchKit Extension.entitlements";
				CODE_SIGN_IDENTITY = "iPhone Developer";
				"CODE_SIGN_IDENTITY[sdk=iphoneos*]" = "iPhone Developer";
				INFOPLIST_FILE = "TimeTracker WatchKit Extension/Info.plist";
				LD_RUNPATH_SEARCH_PATHS = "$(inherited) @executable_path/Frameworks @executable_path/../../Frameworks";
				PRODUCT_NAME = "${TARGET_NAME}";
				PROVISIONING_PROFILE = "";
				SKIP_INSTALL = YES;
			};
			name = Release;
		};
/* End XCBuildConfiguration section */

/* Begin XCConfigurationList section */
		A39CF5BA1AEC19D900F60178 /* Build configuration list for PBXNativeTarget "TodayTimeTracker" */ = {
			isa = XCConfigurationList;
			buildConfigurations = (
				A39CF5BB1AEC19D900F60178 /* Debug */,
				A39CF5BC1AEC19D900F60178 /* Release */,
			);
			defaultConfigurationIsVisible = 0;
			defaultConfigurationName = Release;
		};
		A3BE82041AEC09B10094FAA4 /* Build configuration list for PBXProject "TimeTracker" */ = {
			isa = XCConfigurationList;
			buildConfigurations = (
				A3BE82301AEC09B10094FAA4 /* Debug */,
				A3BE82311AEC09B10094FAA4 /* Release */,
			);
			defaultConfigurationIsVisible = 0;
			defaultConfigurationName = Release;
		};
		A3BE82321AEC09B10094FAA4 /* Build configuration list for PBXNativeTarget "TimeTracker" */ = {
			isa = XCConfigurationList;
			buildConfigurations = (
				A3BE82331AEC09B10094FAA4 /* Debug */,
				A3BE82341AEC09B10094FAA4 /* Release */,
			);
			defaultConfigurationIsVisible = 0;
			defaultConfigurationName = Release;
		};
		A3BE82351AEC09B10094FAA4 /* Build configuration list for PBXNativeTarget "TimeTrackerTests" */ = {
			isa = XCConfigurationList;
			buildConfigurations = (
				A3BE82361AEC09B10094FAA4 /* Debug */,
				A3BE82371AEC09B10094FAA4 /* Release */,
			);
			defaultConfigurationIsVisible = 0;
			defaultConfigurationName = Release;
		};
		A3BE82561AEC09E50094FAA4 /* Build configuration list for PBXNativeTarget "TimeTrackerKit" */ = {
			isa = XCConfigurationList;
			buildConfigurations = (
				A3BE82571AEC09E50094FAA4 /* Debug */,
				A3BE82581AEC09E50094FAA4 /* Release */,
			);
			defaultConfigurationIsVisible = 0;
			defaultConfigurationName = Release;
		};
		A3BE825A1AEC09E50094FAA4 /* Build configuration list for PBXNativeTarget "TimeTrackerKitTests" */ = {
			isa = XCConfigurationList;
			buildConfigurations = (
				A3BE825B1AEC09E50094FAA4 /* Debug */,
				A3BE825C1AEC09E50094FAA4 /* Release */,
			);
			defaultConfigurationIsVisible = 0;
			defaultConfigurationName = Release;
		};
		A3BE827F1AEC0D520094FAA4 /* Build configuration list for PBXNativeTarget "TimeTracker WatchKit App" */ = {
			isa = XCConfigurationList;
			buildConfigurations = (
				A3BE82801AEC0D520094FAA4 /* Debug */,
				A3BE82811AEC0D520094FAA4 /* Release */,
			);
			defaultConfigurationIsVisible = 0;
			defaultConfigurationName = Release;
		};
		A3BE82821AEC0D520094FAA4 /* Build configuration list for PBXNativeTarget "TimeTracker WatchKit Extension" */ = {
			isa = XCConfigurationList;
			buildConfigurations = (
				A3BE82831AEC0D520094FAA4 /* Debug */,
				A3BE82841AEC0D520094FAA4 /* Release */,
			);
			defaultConfigurationIsVisible = 0;
			defaultConfigurationName = Release;
		};
/* End XCConfigurationList section */

/* Begin XCVersionGroup section */
		A3BE82131AEC09B10094FAA4 /* TimeTracker.xcdatamodeld */ = {
			isa = XCVersionGroup;
			children = (
				A3BE82141AEC09B10094FAA4 /* TimeTracker.xcdatamodel */,
			);
			currentVersion = A3BE82141AEC09B10094FAA4 /* TimeTracker.xcdatamodel */;
			name = TimeTracker.xcdatamodeld;
			path = ../TimeTracker/TimeTracker.xcdatamodeld;
			sourceTree = "<group>";
			versionGroupType = wrapper.xcdatamodel;
		};
/* End XCVersionGroup section */
	};
	rootObject = A3BE82011AEC09B10094FAA4 /* Project object */;
}
